
Microsoft Visual Studio Solution File, Format Version 12.00
# Visual Studio Version 16
VisualStudioVersion = 16.0.30907.101
MinimumVisualStudioVersion = 10.0.40219.1
Project("{FAE04EC0-301F-11D3-BF4B-00C04F79EFBC}") = "DoorControl", "DoorControl\DoorControl.csproj", "{347413EA-0AE2-4C40-8822-D883211D20AD}"
EndProject
Global
	GlobalSection(SolutionConfigurationPlatforms) = preSolution
		Debug|Any CPU = Debug|Any CPU
		Release|Any CPU = Release|Any CPU
	EndGlobalSection
	GlobalSection(ProjectConfigurationPlatforms) = postSolution
		{347413EA-0AE2-4C40-8822-D883211D20AD}.Debug|Any CPU.ActiveCfg = Debug|Any CPU
		{347413EA-0AE2-4C40-8822-D883211D20AD}.Debug|Any CPU.Build.0 = Debug|Any CPU
		{347413EA-0AE2-4C40-8822-D883211D20AD}.Release|Any CPU.ActiveCfg = Release|Any CPU
		{347413EA-0AE2-4C40-8822-D883211D20AD}.Release|Any CPU.Build.0 = Release|Any CPU
	EndGlobalSection
	GlobalSection(SolutionProperties) = preSolution
		HideSolutionNode = FALSE
	EndGlobalSection
	GlobalSection(ExtensibilityGlobals) = postSolution
		SolutionGuid = {FB11F547-852E-48DF-9AD5-CD4E9ED82275}
	EndGlobalSection
EndGlobal
